
Microsoft Visual Studio Solution File, Format Version 12.00
# Visual Studio Version 16
VisualStudioVersion = 16.0.30204.135
MinimumVisualStudioVersion = 10.0.40219.1
Project("{FAE04EC0-301F-11D3-BF4B-00C04F79EFBC}") = "CheckRestService", "CheckRestService.csproj", "{5A9297D8-DB36-4C2D-B62F-B67A00FFEBF6}"
EndProject
Global
	GlobalSection(SolutionConfigurationPlatforms) = preSolution
		Debug|Any CPU = Debug|Any CPU
		Release|Any CPU = Release|Any CPU
	EndGlobalSection
	GlobalSection(ProjectConfigurationPlatforms) = postSolution
		{5A9297D8-DB36-4C2D-B62F-B67A00FFEBF6}.Debug|Any CPU.ActiveCfg = Debug|Any CPU
		{5A9297D8-DB36-4C2D-B62F-B67A00FFEBF6}.Debug|Any CPU.Build.0 = Debug|Any CPU
		{5A9297D8-DB36-4C2D-B62F-B67A00FFEBF6}.Release|Any CPU.ActiveCfg = Release|Any CPU
		{5A9297D8-DB36-4C2D-B62F-B67A00FFEBF6}.Release|Any CPU.Build.0 = Release|Any CPU
	EndGlobalSection
	GlobalSection(SolutionProperties) = preSolution
		HideSolutionNode = FALSE
	EndGlobalSection
	GlobalSection(ExtensibilityGlobals) = postSolution
		SolutionGuid = {6D5995B2-C42D-422B-B089-0DACE707A01C}
	EndGlobalSection
EndGlobal
